PODS:
  - FLEX (5.22.10)
  - LANDMARKSID-LO-SDK (2.7.0)

DEPENDENCIES:
  - FLEX
  - LANDMARKSID-LO-SDK (from `../..`)

SPEC REPOS:
  trunk:
    - FLEX

EXTERNAL SOURCES:
  LANDMARKSID-LO-SDK:
    :path: "../.."

SPEC CHECKSUMS:
  FLEX: f21ee4f498eed3f8a1eded66b21939fd3b7a22ce
  LANDMARKSID-LO-SDK: 10b842699fa3e59220446d4c89ac9fed9c994d3d

PODFILE CHECKSUM: ffedfc4379507a60a6564c7e367d6c04a2f3924f

COCOAPODS: 1.16.2
